
Microsoft Visual Studio Solution File, Format Version 12.00
# Visual Studio 15
VisualStudioVersion = 15.0.28307.421
MinimumVisualStudioVersion = 10.0.40219.1
Project("{FAE04EC0-301F-11D3-BF4B-00C04F79EFBC}") = "ArchitectArithmetic", "ArchitectArithmetic\ArchitectArithmetic.csproj", "{7E440C9D-9F25-489B-857D-21DD518537DA}"
EndProject
Global
	GlobalSection(SolutionConfigurationPlatforms) = preSolution
		Debug|Any CPU = Debug|Any CPU
		Release|Any CPU = Release|Any CPU
	EndGlobalSection
	GlobalSection(ProjectConfigurationPlatforms) = postSolution
		{7E440C9D-9F25-489B-857D-21DD518537DA}.Debug|Any CPU.ActiveCfg = Debug|Any CPU
		{7E440C9D-9F25-489B-857D-21DD518537DA}.Debug|Any CPU.Build.0 = Debug|Any CPU
		{7E440C9D-9F25-489B-857D-21DD518537DA}.Release|Any CPU.ActiveCfg = Release|Any CPU
		{7E440C9D-9F25-489B-857D-21DD518537DA}.Release|Any CPU.Build.0 = Release|Any CPU
	EndGlobalSection
	GlobalSection(SolutionProperties) = preSolution
		HideSolutionNode = FALSE
	EndGlobalSection
	GlobalSection(ExtensibilityGlobals) = postSolution
		SolutionGuid = {C35758A5-475A-4DC2-A6E1-4D618F4E332D}
	EndGlobalSection
EndGlobal
